
Microsoft Visual Studio Solution File, Format Version 12.00
# Visual Studio Version 16
VisualStudioVersion = 16.0.32228.343
MinimumVisualStudioVersion = 10.0.40219.1
Project("{FAE04EC0-301F-11D3-BF4B-00C04F79EFBC}") = "Cloud77.WPF", "Cloud77.WPF\Cloud77.WPF.csproj", "{E6CF17E9-5696-425B-B75D-19AEFDDB1B2A}"
EndProject
Project("{FAE04EC0-301F-11D3-BF4B-00C04F79EFBC}") = "Cloud77.Middleware", "Cloud77.Middleware\Cloud77.Middleware.csproj", "{3B43C505-B24A-4035-93E4-EF3EC5329928}"
EndProject
Global
	GlobalSection(SolutionConfigurationPlatforms) = preSolution
		Debug|Any CPU = Debug|Any CPU
		Debug|x64 = Debug|x64
		Release|Any CPU = Release|Any CPU
		Release|x64 = Release|x64
	EndGlobalSection
	GlobalSection(ProjectConfigurationPlatforms) = postSolution
		{E6CF17E9-5696-425B-B75D-19AEFDDB1B2A}.Debug|Any CPU.ActiveCfg = Debug|Any CPU
		{E6CF17E9-5696-425B-B75D-19AEFDDB1B2A}.Debug|Any CPU.Build.0 = Debug|Any CPU
		{E6CF17E9-5696-425B-B75D-19AEFDDB1B2A}.Debug|x64.ActiveCfg = Debug|x64
		{E6CF17E9-5696-425B-B75D-19AEFDDB1B2A}.Debug|x64.Build.0 = Debug|x64
		{E6CF17E9-5696-425B-B75D-19AEFDDB1B2A}.Release|Any CPU.ActiveCfg = Debug|Any CPU
		{E6CF17E9-5696-425B-B75D-19AEFDDB1B2A}.Release|Any CPU.Build.0 = Debug|Any CPU
		{E6CF17E9-5696-425B-B75D-19AEFDDB1B2A}.Release|x64.ActiveCfg = Release|x64
		{E6CF17E9-5696-425B-B75D-19AEFDDB1B2A}.Release|x64.Build.0 = Release|x64
		{3B43C505-B24A-4035-93E4-EF3EC5329928}.Debug|Any CPU.ActiveCfg = Debug|Any CPU
		{3B43C505-B24A-4035-93E4-EF3EC5329928}.Debug|Any CPU.Build.0 = Debug|Any CPU
		{3B43C505-B24A-4035-93E4-EF3EC5329928}.Debug|x64.ActiveCfg = Debug|Any CPU
		{3B43C505-B24A-4035-93E4-EF3EC5329928}.Debug|x64.Build.0 = Debug|Any CPU
		{3B43C505-B24A-4035-93E4-EF3EC5329928}.Release|Any CPU.ActiveCfg = Release|Any CPU
		{3B43C505-B24A-4035-93E4-EF3EC5329928}.Release|Any CPU.Build.0 = Release|Any CPU
		{3B43C505-B24A-4035-93E4-EF3EC5329928}.Release|x64.ActiveCfg = Release|Any CPU
		{3B43C505-B24A-4035-93E4-EF3EC5329928}.Release|x64.Build.0 = Release|Any CPU
	EndGlobalSection
	GlobalSection(SolutionProperties) = preSolution
		HideSolutionNode = FALSE
	EndGlobalSection
	GlobalSection(ExtensibilityGlobals) = postSolution
		SolutionGuid = {8EF820FB-8085-4AF9-9C91-A459476B3B41}
	EndGlobalSection
EndGlobal
